
Microsoft Visual Studio Solution File, Format Version 12.00
# Visual Studio Version 17
VisualStudioVersion = 17.0.31903.59
MinimumVisualStudioVersion = 10.0.40219.1
Project("{2150E333-8FDC-42A3-9474-1A3956D46DE8}") = "src", "src", "{CD47B0B3-A487-42E3-97B1-60076A648878}"
EndProject
Project("{FAE04EC0-301F-11D3-BF4B-00C04F79EFBC}") = "BatchPrefetchDictionaries", "src\BatchPrefetchDictionaries\BatchPrefetchDictionaries.csproj", "{116062B1-3B03-448A-AB76-BC166BE49747}"
EndProject
Project("{2150E333-8FDC-42A3-9474-1A3956D46DE8}") = "benchmarks", "benchmarks", "{92299AF0-50B9-4B49-AFFB-152CC1A9C913}"
EndProject
Project("{FAE04EC0-301F-11D3-BF4B-00C04F79EFBC}") = "BatchPrefetchDictionaries.Benchmarks", "benchmarks\BatchPrefetchDictionaries.Benchmarks\BatchPrefetchDictionaries.Benchmarks.csproj", "{FAC99FF9-3D81-4206-B3BE-59E079A90510}"
EndProject
Global
	GlobalSection(SolutionConfigurationPlatforms) = preSolution
		Debug|Any CPU = Debug|Any CPU
		Release|Any CPU = Release|Any CPU
	EndGlobalSection
	GlobalSection(SolutionProperties) = preSolution
		HideSolutionNode = FALSE
	EndGlobalSection
	GlobalSection(ProjectConfigurationPlatforms) = postSolution
		{116062B1-3B03-448A-AB76-BC166BE49747}.Debug|Any CPU.ActiveCfg = Debug|Any CPU
		{116062B1-3B03-448A-AB76-BC166BE49747}.Debug|Any CPU.Build.0 = Debug|Any CPU
		{116062B1-3B03-448A-AB76-BC166BE49747}.Release|Any CPU.ActiveCfg = Release|Any CPU
		{116062B1-3B03-448A-AB76-BC166BE49747}.Release|Any CPU.Build.0 = Release|Any CPU
		{FAC99FF9-3D81-4206-B3BE-59E079A90510}.Debug|Any CPU.ActiveCfg = Debug|Any CPU
		{FAC99FF9-3D81-4206-B3BE-59E079A90510}.Debug|Any CPU.Build.0 = Debug|Any CPU
		{FAC99FF9-3D81-4206-B3BE-59E079A90510}.Release|Any CPU.ActiveCfg = Release|Any CPU
		{FAC99FF9-3D81-4206-B3BE-59E079A90510}.Release|Any CPU.Build.0 = Release|Any CPU
	EndGlobalSection
	GlobalSection(NestedProjects) = preSolution
		{116062B1-3B03-448A-AB76-BC166BE49747} = {CD47B0B3-A487-42E3-97B1-60076A648878}
		{FAC99FF9-3D81-4206-B3BE-59E079A90510} = {92299AF0-50B9-4B49-AFFB-152CC1A9C913}
	EndGlobalSection
EndGlobal
